
Microsoft Visual Studio Solution File, Format Version 12.00
# Visual Studio Version 17
VisualStudioVersion = 17.13.35818.85
MinimumVisualStudioVersion = 10.0.40219.1
Project("{F184B08F-C81C-45F6-A57F-5ABD9991F28F}") = "RDT_Exception_Report", "RDT_Exception_Report\RDT_Exception_Report.vbproj", "{267F14EB-A2D8-4831-8CEF-39BC621A5769}"
EndProject
Global
	GlobalSection(SolutionConfigurationPlatforms) = preSolution
		Debug|Any CPU = Debug|Any CPU
		Release|Any CPU = Release|Any CPU
	EndGlobalSection
	GlobalSection(ProjectConfigurationPlatforms) = postSolution
		{267F14EB-A2D8-4831-8CEF-39BC621A5769}.Debug|Any CPU.ActiveCfg = Debug|Any CPU
		{267F14EB-A2D8-4831-8CEF-39BC621A5769}.Debug|Any CPU.Build.0 = Debug|Any CPU
		{267F14EB-A2D8-4831-8CEF-39BC621A5769}.Release|Any CPU.ActiveCfg = Release|Any CPU
		{267F14EB-A2D8-4831-8CEF-39BC621A5769}.Release|Any CPU.Build.0 = Release|Any CPU
	EndGlobalSection
	GlobalSection(SolutionProperties) = preSolution
		HideSolutionNode = FALSE
	EndGlobalSection
	GlobalSection(ExtensibilityGlobals) = postSolution
		SolutionGuid = {6747DE23-FFD6-469A-BDCC-EB4866C5C674}
	EndGlobalSection
	GlobalSection(TeamFoundationVersionControl) = preSolution
		SccNumberOfProjects = 2
		SccEnterpriseProvider = {4CA58AB2-18FA-4F8D-95D4-32DDF27D184C}
		SccTeamFoundationServer = https://alm.intranet.bbl/bblcollection
		SccLocalPath0 = .
		SccProjectUniqueName1 = RDT_Exception_Report\\RDT_Exception_Report.vbproj
		SccProjectName1 = RDT_Exception_Report
		SccLocalPath1 = RDT_Exception_Report
	EndGlobalSection
EndGlobal
